
Microsoft Visual Studio Solution File, Format Version 12.00
# Visual Studio 2012
Project("{FAE04EC0-301F-11D3-BF4B-00C04F79EFBC}") = "AppSumaEnteros", "AppSumaEnteros\AppSumaEnteros.csproj", "{E805CB8C-0FF2-45A2-A5BD-CEB5C63F0B71}"
EndProject
Global
	GlobalSection(SolutionConfigurationPlatforms) = preSolution
		Debug|Any CPU = Debug|Any CPU
		Release|Any CPU = Release|Any CPU
	EndGlobalSection
	GlobalSection(ProjectConfigurationPlatforms) = postSolution
		{E805CB8C-0FF2-45A2-A5BD-CEB5C63F0B71}.Debug|Any CPU.ActiveCfg = Debug|Any CPU
		{E805CB8C-0FF2-45A2-A5BD-CEB5C63F0B71}.Debug|Any CPU.Build.0 = Debug|Any CPU
		{E805CB8C-0FF2-45A2-A5BD-CEB5C63F0B71}.Release|Any CPU.ActiveCfg = Release|Any CPU
		{E805CB8C-0FF2-45A2-A5BD-CEB5C63F0B71}.Release|Any CPU.Build.0 = Release|Any CPU
	EndGlobalSection
	GlobalSection(SolutionProperties) = preSolution
		HideSolutionNode = FALSE
	EndGlobalSection
EndGlobal
