
Microsoft Visual Studio Solution File, Format Version 12.00
# Visual Studio 2012
Project("{FAE04EC0-301F-11D3-BF4B-00C04F79EFBC}") = "AppSumaDosNumeros", "AppSumaDosNumeros\AppSumaDosNumeros.csproj", "{89DB4001-3FC5-4842-9FDC-B5AAE0D3DE7B}"
EndProject
Global
	GlobalSection(SolutionConfigurationPlatforms) = preSolution
		Debug|Any CPU = Debug|Any CPU
		Release|Any CPU = Release|Any CPU
	EndGlobalSection
	GlobalSection(ProjectConfigurationPlatforms) = postSolution
		{89DB4001-3FC5-4842-9FDC-B5AAE0D3DE7B}.Debug|Any CPU.ActiveCfg = Debug|Any CPU
		{89DB4001-3FC5-4842-9FDC-B5AAE0D3DE7B}.Debug|Any CPU.Build.0 = Debug|Any CPU
		{89DB4001-3FC5-4842-9FDC-B5AAE0D3DE7B}.Release|Any CPU.ActiveCfg = Release|Any CPU
		{89DB4001-3FC5-4842-9FDC-B5AAE0D3DE7B}.Release|Any CPU.Build.0 = Release|Any CPU
	EndGlobalSection
	GlobalSection(SolutionProperties) = preSolution
		HideSolutionNode = FALSE
	EndGlobalSection
EndGlobal
